
Microsoft Visual Studio Solution File, Format Version 12.00
# Visual Studio Version 16
VisualStudioVersion = 16.0.30523.141
MinimumVisualStudioVersion = 10.0.40219.1
Project("{2150E333-8FDC-42A3-9474-1A3956D46DE8}") = "Huisarts-app", "Huisarts-app", "{334DB881-1A26-4D22-8F5E-589A40C128E5}"
EndProject
Project("{9A19103F-16F7-4668-BE54-9A1E7A4F7556}") = "HuisartsCli", "HuisartsCli\HuisartsCli.csproj", "{B448F618-C973-409F-9E72-E637559D66FC}"
EndProject
Project("{9A19103F-16F7-4668-BE54-9A1E7A4F7556}") = "HuisartsDb", "HuisartsDb\HuisartsDb.csproj", "{D1AC5E04-4A16-426E-AFF9-73E8297D4EA2}"
EndProject
Project("{9A19103F-16F7-4668-BE54-9A1E7A4F7556}") = "HuisartsModels", "HuisartsModels\HuisartsModels.csproj", "{CB613768-E000-41F4-A56F-2D1B39C0A615}"
EndProject
Project("{2150E333-8FDC-42A3-9474-1A3956D46DE8}") = "Cursus", "Cursus", "{C36F1239-EA0F-4912-B32E-F7D6C01017C3}"
	ProjectSection(SolutionItems) = preProject
		Cursus\CSharp-IO-EF.pptx = Cursus\CSharp-IO-EF.pptx
		Cursus\CSharp-IO-RegEx.pptx = Cursus\CSharp-IO-RegEx.pptx
		Cursus\CSharp-IO.pptx = Cursus\CSharp-IO.pptx
		Cursus\CSharp-Reflection.pptx = Cursus\CSharp-Reflection.pptx
		Cursus\CSharp-UnitTests.pptx = Cursus\CSharp-UnitTests.pptx
		Cursus\git-commands.xlsx = Cursus\git-commands.xlsx
		Cursus\SourceControl-GIT.pptx = Cursus\SourceControl-GIT.pptx
	EndProjectSection
EndProject
Project("{2150E333-8FDC-42A3-9474-1A3956D46DE8}") = "WickedAir", "WickedAir", "{22BEDD32-00C6-4EA0-A891-BA01DA8F7C2D}"
EndProject
Project("{9A19103F-16F7-4668-BE54-9A1E7A4F7556}") = "WickedAirApp", "WickedAirApp\WickedAirApp.csproj", "{BC3F2E4F-2E81-49F1-A565-A90937BB7724}"
EndProject
Project("{9A19103F-16F7-4668-BE54-9A1E7A4F7556}") = "WickedAirModels", "WickedAirModels\WickedAirModels.csproj", "{A79FF1FC-1EF6-4376-91A2-EA262D90381D}"
EndProject
Project("{2150E333-8FDC-42A3-9474-1A3956D46DE8}") = "Boeken", "Boeken", "{8955935E-CE39-4105-98A3-0571D85BF44B}"
EndProject
Project("{9A19103F-16F7-4668-BE54-9A1E7A4F7556}") = "Boek.Cli", "Boek.Cli\Boek.Cli.csproj", "{F4B70CC8-CC8A-4E10-98D0-BF06BB278CB7}"
EndProject
Project("{9A19103F-16F7-4668-BE54-9A1E7A4F7556}") = "Boek.Data", "Boek.Data\Boek.Data.csproj", "{FA6C0448-BFD0-4556-8BF5-F7CA3A7911F6}"
EndProject
Project("{9A19103F-16F7-4668-BE54-9A1E7A4F7556}") = "Boek.Shared", "Boek.Shared\Boek.Shared.csproj", "{ADBD36F5-802D-454F-8D2F-019246A89175}"
EndProject
Project("{9A19103F-16F7-4668-BE54-9A1E7A4F7556}") = "Boek.App", "Boek.App\Boek.App.csproj", "{E8E87A91-3A36-435C-B70D-51CCA0617AF5}"
EndProject
Project("{2150E333-8FDC-42A3-9474-1A3956D46DE8}") = "EF-Voorbeeld", "EF-Voorbeeld", "{ADC1263A-A2B4-4432-AFFA-57617ED78D50}"
EndProject
Project("{9A19103F-16F7-4668-BE54-9A1E7A4F7556}") = "EF-Vb", "EF-Vb\EF-Vb.csproj", "{404D2FA4-7384-42B7-BCD4-25F7885795D3}"
EndProject
Project("{9A19103F-16F7-4668-BE54-9A1E7A4F7556}") = "EF-Vb.Db", "EF-Vb.Models\EF-Vb.Db.csproj", "{E064F65B-DBF2-4DDC-A03E-DDB1433A3363}"
EndProject
Project("{2150E333-8FDC-42A3-9474-1A3956D46DE8}") = "Shared", "Shared", "{6E76F991-FF37-4E77-AB86-88E32934A738}"
EndProject
Project("{9A19103F-16F7-4668-BE54-9A1E7A4F7556}") = "Syntra.Shared", "Syntra.Shared\Syntra.Shared.csproj", "{2E9A349C-D42D-4102-BD6B-F0087242EA45}"
EndProject
Project("{2150E333-8FDC-42A3-9474-1A3956D46DE8}") = "Transfers", "Transfers", "{B353ADFD-DE6F-4552-BD97-94634D2A0888}"
EndProject
Project("{9A19103F-16F7-4668-BE54-9A1E7A4F7556}") = "Transfer.App", "Transfer.App\Transfer.App.csproj", "{C0972571-6DE3-4028-BC97-5C7E4197E074}"
EndProject
Project("{9A19103F-16F7-4668-BE54-9A1E7A4F7556}") = "Transfer.Logic", "Transfer.Logic\Transfer.Logic.csproj", "{A16E0D9B-74EE-4912-BBC2-F0BF7AA8582A}"
EndProject
Project("{9A19103F-16F7-4668-BE54-9A1E7A4F7556}") = "Transfer.Tests", "Transfer.Tests\Transfer.Tests.csproj", "{E6594062-D82D-4046-BAE0-560330EFC5FE}"
EndProject
Project("{2150E333-8FDC-42A3-9474-1A3956D46DE8}") = "Reflection", "Reflection", "{2E6E11E2-29C5-4124-A675-B89390A94E9B}"
EndProject
Project("{9A19103F-16F7-4668-BE54-9A1E7A4F7556}") = "Reflection.Cli", "Reflection.Cli\Reflection.Cli.csproj", "{EA1D3300-A3BA-487D-AA89-4F2403CE403E}"
EndProject
Project("{FAE04EC0-301F-11D3-BF4B-00C04F79EFBC}") = "CustomLib", "CustomLib\CustomLib.csproj", "{8C32B64C-2B5E-4744-A48A-5AE1021A8140}"
EndProject
Global
	GlobalSection(SolutionConfigurationPlatforms) = preSolution
		Debug|Any CPU = Debug|Any CPU
		Release|Any CPU = Release|Any CPU
	EndGlobalSection
	GlobalSection(ProjectConfigurationPlatforms) = postSolution
		{B448F618-C973-409F-9E72-E637559D66FC}.Debug|Any CPU.ActiveCfg = Debug|Any CPU
		{B448F618-C973-409F-9E72-E637559D66FC}.Debug|Any CPU.Build.0 = Debug|Any CPU
		{B448F618-C973-409F-9E72-E637559D66FC}.Release|Any CPU.ActiveCfg = Release|Any CPU
		{B448F618-C973-409F-9E72-E637559D66FC}.Release|Any CPU.Build.0 = Release|Any CPU
		{D1AC5E04-4A16-426E-AFF9-73E8297D4EA2}.Debug|Any CPU.ActiveCfg = Debug|Any CPU
		{D1AC5E04-4A16-426E-AFF9-73E8297D4EA2}.Debug|Any CPU.Build.0 = Debug|Any CPU
		{D1AC5E04-4A16-426E-AFF9-73E8297D4EA2}.Release|Any CPU.ActiveCfg = Release|Any CPU
		{D1AC5E04-4A16-426E-AFF9-73E8297D4EA2}.Release|Any CPU.Build.0 = Release|Any CPU
		{CB613768-E000-41F4-A56F-2D1B39C0A615}.Debug|Any CPU.ActiveCfg = Debug|Any CPU
		{CB613768-E000-41F4-A56F-2D1B39C0A615}.Debug|Any CPU.Build.0 = Debug|Any CPU
		{CB613768-E000-41F4-A56F-2D1B39C0A615}.Release|Any CPU.ActiveCfg = Release|Any CPU
		{CB613768-E000-41F4-A56F-2D1B39C0A615}.Release|Any CPU.Build.0 = Release|Any CPU
		{BC3F2E4F-2E81-49F1-A565-A90937BB7724}.Debug|Any CPU.ActiveCfg = Debug|Any CPU
		{BC3F2E4F-2E81-49F1-A565-A90937BB7724}.Debug|Any CPU.Build.0 = Debug|Any CPU
		{BC3F2E4F-2E81-49F1-A565-A90937BB7724}.Release|Any CPU.ActiveCfg = Release|Any CPU
		{BC3F2E4F-2E81-49F1-A565-A90937BB7724}.Release|Any CPU.Build.0 = Release|Any CPU
		{A79FF1FC-1EF6-4376-91A2-EA262D90381D}.Debug|Any CPU.ActiveCfg = Debug|Any CPU
		{A79FF1FC-1EF6-4376-91A2-EA262D90381D}.Debug|Any CPU.Build.0 = Debug|Any CPU
		{A79FF1FC-1EF6-4376-91A2-EA262D90381D}.Release|Any CPU.ActiveCfg = Release|Any CPU
		{A79FF1FC-1EF6-4376-91A2-EA262D90381D}.Release|Any CPU.Build.0 = Release|Any CPU
		{F4B70CC8-CC8A-4E10-98D0-BF06BB278CB7}.Debug|Any CPU.ActiveCfg = Debug|Any CPU
		{F4B70CC8-CC8A-4E10-98D0-BF06BB278CB7}.Debug|Any CPU.Build.0 = Debug|Any CPU
		{F4B70CC8-CC8A-4E10-98D0-BF06BB278CB7}.Release|Any CPU.ActiveCfg = Release|Any CPU
		{F4B70CC8-CC8A-4E10-98D0-BF06BB278CB7}.Release|Any CPU.Build.0 = Release|Any CPU
		{FA6C0448-BFD0-4556-8BF5-F7CA3A7911F6}.Debug|Any CPU.ActiveCfg = Debug|Any CPU
		{FA6C0448-BFD0-4556-8BF5-F7CA3A7911F6}.Debug|Any CPU.Build.0 = Debug|Any CPU
		{FA6C0448-BFD0-4556-8BF5-F7CA3A7911F6}.Release|Any CPU.ActiveCfg = Release|Any CPU
		{FA6C0448-BFD0-4556-8BF5-F7CA3A7911F6}.Release|Any CPU.Build.0 = Release|Any CPU
		{ADBD36F5-802D-454F-8D2F-019246A89175}.Debug|Any CPU.ActiveCfg = Debug|Any CPU
		{ADBD36F5-802D-454F-8D2F-019246A89175}.Debug|Any CPU.Build.0 = Debug|Any CPU
		{ADBD36F5-802D-454F-8D2F-019246A89175}.Release|Any CPU.ActiveCfg = Release|Any CPU
		{ADBD36F5-802D-454F-8D2F-019246A89175}.Release|Any CPU.Build.0 = Release|Any CPU
		{E8E87A91-3A36-435C-B70D-51CCA0617AF5}.Debug|Any CPU.ActiveCfg = Debug|Any CPU
		{E8E87A91-3A36-435C-B70D-51CCA0617AF5}.Debug|Any CPU.Build.0 = Debug|Any CPU
		{E8E87A91-3A36-435C-B70D-51CCA0617AF5}.Release|Any CPU.ActiveCfg = Release|Any CPU
		{E8E87A91-3A36-435C-B70D-51CCA0617AF5}.Release|Any CPU.Build.0 = Release|Any CPU
		{404D2FA4-7384-42B7-BCD4-25F7885795D3}.Debug|Any CPU.ActiveCfg = Debug|Any CPU
		{404D2FA4-7384-42B7-BCD4-25F7885795D3}.Debug|Any CPU.Build.0 = Debug|Any CPU
		{404D2FA4-7384-42B7-BCD4-25F7885795D3}.Release|Any CPU.ActiveCfg = Release|Any CPU
		{404D2FA4-7384-42B7-BCD4-25F7885795D3}.Release|Any CPU.Build.0 = Release|Any CPU
		{E064F65B-DBF2-4DDC-A03E-DDB1433A3363}.Debug|Any CPU.ActiveCfg = Debug|Any CPU
		{E064F65B-DBF2-4DDC-A03E-DDB1433A3363}.Debug|Any CPU.Build.0 = Debug|Any CPU
		{E064F65B-DBF2-4DDC-A03E-DDB1433A3363}.Release|Any CPU.ActiveCfg = Release|Any CPU
		{E064F65B-DBF2-4DDC-A03E-DDB1433A3363}.Release|Any CPU.Build.0 = Release|Any CPU
		{2E9A349C-D42D-4102-BD6B-F0087242EA45}.Debug|Any CPU.ActiveCfg = Debug|Any CPU
		{2E9A349C-D42D-4102-BD6B-F0087242EA45}.Debug|Any CPU.Build.0 = Debug|Any CPU
		{2E9A349C-D42D-4102-BD6B-F0087242EA45}.Release|Any CPU.ActiveCfg = Release|Any CPU
		{2E9A349C-D42D-4102-BD6B-F0087242EA45}.Release|Any CPU.Build.0 = Release|Any CPU
		{C0972571-6DE3-4028-BC97-5C7E4197E074}.Debug|Any CPU.ActiveCfg = Debug|Any CPU
		{C0972571-6DE3-4028-BC97-5C7E4197E074}.Debug|Any CPU.Build.0 = Debug|Any CPU
		{C0972571-6DE3-4028-BC97-5C7E4197E074}.Release|Any CPU.ActiveCfg = Release|Any CPU
		{C0972571-6DE3-4028-BC97-5C7E4197E074}.Release|Any CPU.Build.0 = Release|Any CPU
		{A16E0D9B-74EE-4912-BBC2-F0BF7AA8582A}.Debug|Any CPU.ActiveCfg = Debug|Any CPU
		{A16E0D9B-74EE-4912-BBC2-F0BF7AA8582A}.Debug|Any CPU.Build.0 = Debug|Any CPU
		{A16E0D9B-74EE-4912-BBC2-F0BF7AA8582A}.Release|Any CPU.ActiveCfg = Release|Any CPU
		{A16E0D9B-74EE-4912-BBC2-F0BF7AA8582A}.Release|Any CPU.Build.0 = Release|Any CPU
		{E6594062-D82D-4046-BAE0-560330EFC5FE}.Debug|Any CPU.ActiveCfg = Debug|Any CPU
		{E6594062-D82D-4046-BAE0-560330EFC5FE}.Debug|Any CPU.Build.0 = Debug|Any CPU
		{E6594062-D82D-4046-BAE0-560330EFC5FE}.Release|Any CPU.ActiveCfg = Release|Any CPU
		{E6594062-D82D-4046-BAE0-560330EFC5FE}.Release|Any CPU.Build.0 = Release|Any CPU
		{EA1D3300-A3BA-487D-AA89-4F2403CE403E}.Debug|Any CPU.ActiveCfg = Debug|Any CPU
		{EA1D3300-A3BA-487D-AA89-4F2403CE403E}.Debug|Any CPU.Build.0 = Debug|Any CPU
		{EA1D3300-A3BA-487D-AA89-4F2403CE403E}.Release|Any CPU.ActiveCfg = Release|Any CPU
		{EA1D3300-A3BA-487D-AA89-4F2403CE403E}.Release|Any CPU.Build.0 = Release|Any CPU
		{8C32B64C-2B5E-4744-A48A-5AE1021A8140}.Debug|Any CPU.ActiveCfg = Debug|Any CPU
		{8C32B64C-2B5E-4744-A48A-5AE1021A8140}.Debug|Any CPU.Build.0 = Debug|Any CPU
		{8C32B64C-2B5E-4744-A48A-5AE1021A8140}.Release|Any CPU.ActiveCfg = Release|Any CPU
		{8C32B64C-2B5E-4744-A48A-5AE1021A8140}.Release|Any CPU.Build.0 = Release|Any CPU
	EndGlobalSection
	GlobalSection(SolutionProperties) = preSolution
		HideSolutionNode = FALSE
	EndGlobalSection
	GlobalSection(NestedProjects) = preSolution
		{B448F618-C973-409F-9E72-E637559D66FC} = {334DB881-1A26-4D22-8F5E-589A40C128E5}
		{D1AC5E04-4A16-426E-AFF9-73E8297D4EA2} = {334DB881-1A26-4D22-8F5E-589A40C128E5}
		{CB613768-E000-41F4-A56F-2D1B39C0A615} = {334DB881-1A26-4D22-8F5E-589A40C128E5}
		{BC3F2E4F-2E81-49F1-A565-A90937BB7724} = {22BEDD32-00C6-4EA0-A891-BA01DA8F7C2D}
		{A79FF1FC-1EF6-4376-91A2-EA262D90381D} = {22BEDD32-00C6-4EA0-A891-BA01DA8F7C2D}
		{F4B70CC8-CC8A-4E10-98D0-BF06BB278CB7} = {8955935E-CE39-4105-98A3-0571D85BF44B}
		{FA6C0448-BFD0-4556-8BF5-F7CA3A7911F6} = {8955935E-CE39-4105-98A3-0571D85BF44B}
		{ADBD36F5-802D-454F-8D2F-019246A89175} = {8955935E-CE39-4105-98A3-0571D85BF44B}
		{E8E87A91-3A36-435C-B70D-51CCA0617AF5} = {8955935E-CE39-4105-98A3-0571D85BF44B}
		{404D2FA4-7384-42B7-BCD4-25F7885795D3} = {ADC1263A-A2B4-4432-AFFA-57617ED78D50}
		{E064F65B-DBF2-4DDC-A03E-DDB1433A3363} = {ADC1263A-A2B4-4432-AFFA-57617ED78D50}
		{2E9A349C-D42D-4102-BD6B-F0087242EA45} = {6E76F991-FF37-4E77-AB86-88E32934A738}
		{C0972571-6DE3-4028-BC97-5C7E4197E074} = {B353ADFD-DE6F-4552-BD97-94634D2A0888}
		{A16E0D9B-74EE-4912-BBC2-F0BF7AA8582A} = {B353ADFD-DE6F-4552-BD97-94634D2A0888}
		{E6594062-D82D-4046-BAE0-560330EFC5FE} = {B353ADFD-DE6F-4552-BD97-94634D2A0888}
		{EA1D3300-A3BA-487D-AA89-4F2403CE403E} = {2E6E11E2-29C5-4124-A675-B89390A94E9B}
		{8C32B64C-2B5E-4744-A48A-5AE1021A8140} = {2E6E11E2-29C5-4124-A675-B89390A94E9B}
	EndGlobalSection
	GlobalSection(ExtensibilityGlobals) = postSolution
		SolutionGuid = {7DDC3A0E-23EC-4C6F-B3B0-D053FEBEE236}
	EndGlobalSection
EndGlobal
